
Microsoft Visual Studio Solution File, Format Version 12.00
# Visual Studio Version 17
VisualStudioVersion = 17.10.35027.167
MinimumVisualStudioVersion = 10.0.40219.1
Project("{FAE04EC0-301F-11D3-BF4B-00C04F79EFBC}") = "ExcelFromBase", "ExcelFromBase.csproj", "{82D6C0C5-C0B9-44B5-97E7-30ADC4767FAE}"
EndProject
Global
	GlobalSection(SolutionConfigurationPlatforms) = preSolution
		Debug|Any CPU = Debug|Any CPU
		Release|Any CPU = Release|Any CPU
	EndGlobalSection
	GlobalSection(ProjectConfigurationPlatforms) = postSolution
		{82D6C0C5-C0B9-44B5-97E7-30ADC4767FAE}.Debug|Any CPU.ActiveCfg = Debug|Any CPU
		{82D6C0C5-C0B9-44B5-97E7-30ADC4767FAE}.Debug|Any CPU.Build.0 = Debug|Any CPU
		{82D6C0C5-C0B9-44B5-97E7-30ADC4767FAE}.Release|Any CPU.ActiveCfg = Release|Any CPU
		{82D6C0C5-C0B9-44B5-97E7-30ADC4767FAE}.Release|Any CPU.Build.0 = Release|Any CPU
	EndGlobalSection
	GlobalSection(SolutionProperties) = preSolution
		HideSolutionNode = FALSE
	EndGlobalSection
	GlobalSection(ExtensibilityGlobals) = postSolution
		SolutionGuid = {CBA5BF87-39EA-4F48-BC18-6BA9A08CDC7C}
	EndGlobalSection
EndGlobal
